// !$*UTF8*$!
{
	archiveVersion = 1;
	classes = {
	};
	objectVersion = 56;
	objects = {

/* Begin PBXBuildFile section */
		5C2834CF2A6D752000F74EC2 /* CoordinatorFactory.swift in Sources */ = {isa = PBXBuildFile; fileRef = 5C2834CE2A6D752000F74EC2 /* CoordinatorFactory.swift */; };
		5C2834D12A6D75CF00F74EC2 /* ViewControllerFactory.swift in Sources */ = {isa = PBXBuildFile; fileRef = 5C2834D02A6D75CF00F74EC2 /* ViewControllerFactory.swift */; };
		5C2834D42A6D780D00F74EC2 /* BaseCoordinator.swift in Sources */ = {isa = PBXBuildFile; fileRef = 5C2834D32A6D780D00F74EC2 /* BaseCoordinator.swift */; };
		5C2834D72A6D786D00F74EC2 /* Coordinator.swift in Sources */ = {isa = PBXBuildFile; fileRef = 5C2834D62A6D786D00F74EC2 /* Coordinator.swift */; };
		5C2834D92A6D788C00F74EC2 /* Presentable.swift in Sources */ = {isa = PBXBuildFile; fileRef = 5C2834D82A6D788C00F74EC2 /* Presentable.swift */; };
		5C2834DB2A6D78A400F74EC2 /* CoordinatorFinishOutput.swift in Sources */ = {isa = PBXBuildFile; fileRef = 5C2834DA2A6D78A400F74EC2 /* CoordinatorFinishOutput.swift */; };
		5C2834DF2A6D7B5D00F74EC2 /* Router.swift in Sources */ = {isa = PBXBuildFile; fileRef = 5C2834DE2A6D7B5D00F74EC2 /* Router.swift */; };
		5C2834E22A6D7B9800F74EC2 /* DeepLinkOption.swift in Sources */ = {isa = PBXBuildFile; fileRef = 5C2834E12A6D7B9800F74EC2 /* DeepLinkOption.swift */; };
		5C2834E42A6D7BB400F74EC2 /* LaunchInstructor.swift in Sources */ = {isa = PBXBuildFile; fileRef = 5C2834E32A6D7BB400F74EC2 /* LaunchInstructor.swift */; };
		5C2834E62A6D7C0100F74EC2 /* VC+Coordinator.swift in Sources */ = {isa = PBXBuildFile; fileRef = 5C2834E52A6D7C0100F74EC2 /* VC+Coordinator.swift */; };
		5C2834E92A6D7C4D00F74EC2 /* ApplicationCoordinator.swift in Sources */ = {isa = PBXBuildFile; fileRef = 5C2834E82A6D7C4D00F74EC2 /* ApplicationCoordinator.swift */; };
		5C2834EB2A6D7D2800F74EC2 /* AuthCoordinator.swift in Sources */ = {isa = PBXBuildFile; fileRef = 5C2834EA2A6D7D2800F74EC2 /* AuthCoordinator.swift */; };
		5C2834ED2A6D7D3300F74EC2 /* TabBarCoordinator.swift in Sources */ = {isa = PBXBuildFile; fileRef = 5C2834EC2A6D7D3300F74EC2 /* TabBarCoordinator.swift */; };
		5C2834EF2A6D7E9800F74EC2 /* Typealiases.swift in Sources */ = {isa = PBXBuildFile; fileRef = 5C2834EE2A6D7E9800F74EC2 /* Typealiases.swift */; };
		5C2834F32A6D8C7D00F74EC2 /* TabBarEnum.swift in Sources */ = {isa = PBXBuildFile; fileRef = 5C2834F22A6D8C7D00F74EC2 /* TabBarEnum.swift */; };
		5C2834F52A6D949100F74EC2 /* AllDaysCoordinator.swift in Sources */ = {isa = PBXBuildFile; fileRef = 5C2834F42A6D949100F74EC2 /* AllDaysCoordinator.swift */; };
		5C2834F72A6D949B00F74EC2 /* SettingsCoordinator.swift in Sources */ = {isa = PBXBuildFile; fileRef = 5C2834F62A6D949B00F74EC2 /* SettingsCoordinator.swift */; };
		5C2834F92A6E658800F74EC2 /* SceneDelegate.swift in Sources */ = {isa = PBXBuildFile; fileRef = 5C2834F82A6E658800F74EC2 /* SceneDelegate.swift */; };
		5C3B5C322A61497900D4086C /* GenericVC.swift in Sources */ = {isa = PBXBuildFile; fileRef = 5C3B5C312A61497900D4086C /* GenericVC.swift */; };
		5C3B5C412A62C4BA00D4086C /* AllHabitsVC.swift in Sources */ = {isa = PBXBuildFile; fileRef = 5C3B5C402A62C4BA00D4086C /* AllHabitsVC.swift */; };
		5C3B5C432A62C4C500D4086C /* AllHabitsView.swift in Sources */ = {isa = PBXBuildFile; fileRef = 5C3B5C422A62C4C500D4086C /* AllHabitsView.swift */; };
		5C3B5C462A62C7AC00D4086C /* AddHabitView.swift in Sources */ = {isa = PBXBuildFile; fileRef = 5C3B5C452A62C7AC00D4086C /* AddHabitView.swift */; };
		5C3B5C4A2A62C7C300D4086C /* AddHabitVC.swift in Sources */ = {isa = PBXBuildFile; fileRef = 5C3B5C492A62C7C300D4086C /* AddHabitVC.swift */; };
		5C5287F22A5D55A90091F3C4 /* AppDelegate.swift in Sources */ = {isa = PBXBuildFile; fileRef = 5C5287F12A5D55A90091F3C4 /* AppDelegate.swift */; };
		5C5287FB2A5D55AA0091F3C4 /* Assets.xcassets in Resources */ = {isa = PBXBuildFile; fileRef = 5C5287FA2A5D55AA0091F3C4 /* Assets.xcassets */; };
		5C5287FE2A5D55AA0091F3C4 /* LaunchScreen.storyboard in Resources */ = {isa = PBXBuildFile; fileRef = 5C5287FC2A5D55AA0091F3C4 /* LaunchScreen.storyboard */; };
		5C5288242A5D72C40091F3C4 /* TabBarVC.swift in Sources */ = {isa = PBXBuildFile; fileRef = 5C5288232A5D72C40091F3C4 /* TabBarVC.swift */; };
		5C5288262A5D73990091F3C4 /* AllDaysVC.swift in Sources */ = {isa = PBXBuildFile; fileRef = 5C5288252A5D73990091F3C4 /* AllDaysVC.swift */; };
		5C5288282A5D73A40091F3C4 /* TodayVC.swift in Sources */ = {isa = PBXBuildFile; fileRef = 5C5288272A5D73A40091F3C4 /* TodayVC.swift */; };
		5C52882A2A5D73AC0091F3C4 /* SettingsVC.swift in Sources */ = {isa = PBXBuildFile; fileRef = 5C5288292A5D73AC0091F3C4 /* SettingsVC.swift */; };
		5C5288332A5D93A20091F3C4 /* AllDaysView.swift in Sources */ = {isa = PBXBuildFile; fileRef = 5C5288322A5D93A20091F3C4 /* AllDaysView.swift */; };
		5C5288352A5D93AE0091F3C4 /* TodayView.swift in Sources */ = {isa = PBXBuildFile; fileRef = 5C5288342A5D93AE0091F3C4 /* TodayView.swift */; };
		5C5288372A5D93B60091F3C4 /* SettingsView.swift in Sources */ = {isa = PBXBuildFile; fileRef = 5C5288362A5D93B60091F3C4 /* SettingsView.swift */; };
		5C5288392A5DC46B0091F3C4 /* Constraints.swift in Sources */ = {isa = PBXBuildFile; fileRef = 5C5288382A5DC46B0091F3C4 /* Constraints.swift */; };
		5C52883C2A5DC6BD0091F3C4 /* CalSans-SemiBold.otf in Resources */ = {isa = PBXBuildFile; fileRef = 5C52883B2A5DC6BD0091F3C4 /* CalSans-SemiBold.otf */; };
		5C52883E2A5E8A840091F3C4 /* Extensions.swift in Sources */ = {isa = PBXBuildFile; fileRef = 5C52883D2A5E8A840091F3C4 /* Extensions.swift */; };
		5C5288402A5E93460091F3C4 /* GridCVCell.swift in Sources */ = {isa = PBXBuildFile; fileRef = 5C52883F2A5E93460091F3C4 /* GridCVCell.swift */; };
		5CA34FC22A653CB3006116DB /* SingleDayTVCell.swift in Sources */ = {isa = PBXBuildFile; fileRef = 5CA34FC12A653CB3006116DB /* SingleDayTVCell.swift */; };
		5CA34FC42A668DC2006116DB /* GoogleService-Info.plist in Resources */ = {isa = PBXBuildFile; fileRef = 5CA34FC32A668DC2006116DB /* GoogleService-Info.plist */; };
		5CA34FD42A669621006116DB /* LoginView.swift in Sources */ = {isa = PBXBuildFile; fileRef = 5CA34FD32A669621006116DB /* LoginView.swift */; };
		5CA34FD62A66962D006116DB /* LoginVC.swift in Sources */ = {isa = PBXBuildFile; fileRef = 5CA34FD52A66962D006116DB /* LoginVC.swift */; };
		5CA34FDB2A669EE0006116DB /* FirebaseAnalytics in Frameworks */ = {isa = PBXBuildFile; productRef = 5CA34FDA2A669EE0006116DB /* FirebaseAnalytics */; };
		5CA34FDD2A669EE0006116DB /* FirebaseAnalyticsSwift in Frameworks */ = {isa = PBXBuildFile; productRef = 5CA34FDC2A669EE0006116DB /* FirebaseAnalyticsSwift */; };
		5CA34FDF2A669EE0006116DB /* FirebaseAuth in Frameworks */ = {isa = PBXBuildFile; productRef = 5CA34FDE2A669EE0006116DB /* FirebaseAuth */; };
		5CA34FE12A669EE0006116DB /* FirebaseCrashlytics in Frameworks */ = {isa = PBXBuildFile; productRef = 5CA34FE02A669EE0006116DB /* FirebaseCrashlytics */; };
		5CA34FE32A669EE0006116DB /* FirebaseFirestore in Frameworks */ = {isa = PBXBuildFile; productRef = 5CA34FE22A669EE0006116DB /* FirebaseFirestore */; };
		5CA34FE52A669EE0006116DB /* FirebaseFirestoreSwift in Frameworks */ = {isa = PBXBuildFile; productRef = 5CA34FE42A669EE0006116DB /* FirebaseFirestoreSwift */; };
		5CA34FE82A669F3E006116DB /* GoogleSignIn in Frameworks */ = {isa = PBXBuildFile; productRef = 5CA34FE72A669F3E006116DB /* GoogleSignIn */; };
		5CA34FEA2A669F3E006116DB /* GoogleSignInSwift in Frameworks */ = {isa = PBXBuildFile; productRef = 5CA34FE92A669F3E006116DB /* GoogleSignInSwift */; };
		5CA34FED2A694C20006116DB /* DayButton.swift in Sources */ = {isa = PBXBuildFile; fileRef = 5CA34FEC2A694C20006116DB /* DayButton.swift */; };
		5CCA66722A641307007A76B6 /* SingleDayVC.swift in Sources */ = {isa = PBXBuildFile; fileRef = 5CCA66712A641307007A76B6 /* SingleDayVC.swift */; };
		5CCA66742A641311007A76B6 /* SingleDayView.swift in Sources */ = {isa = PBXBuildFile; fileRef = 5CCA66732A641311007A76B6 /* SingleDayView.swift */; };
/* End PBXBuildFile section */

/* Begin PBXFileReference section */
		5C2834CE2A6D752000F74EC2 /* CoordinatorFactory.swift */ = {isa = PBXFileReference; lastKnownFileType = sourcecode.swift; path = CoordinatorFactory.swift; sourceTree = "<group>"; };
		5C2834D02A6D75CF00F74EC2 /* ViewControllerFactory.swift */ = {isa = PBXFileReference; lastKnownFileType = sourcecode.swift; path = ViewControllerFactory.swift; sourceTree = "<group>"; };
		5C2834D32A6D780D00F74EC2 /* BaseCoordinator.swift */ = {isa = PBXFileReference; lastKnownFileType = sourcecode.swift; path = BaseCoordinator.swift; sourceTree = "<group>"; };
		5C2834D62A6D786D00F74EC2 /* Coordinator.swift */ = {isa = PBXFileReference; lastKnownFileType = sourcecode.swift; path = Coordinator.swift; sourceTree = "<group>"; };
		5C2834D82A6D788C00F74EC2 /* Presentable.swift */ = {isa = PBXFileReference; lastKnownFileType = sourcecode.swift; path = Presentable.swift; sourceTree = "<group>"; };
		5C2834DA2A6D78A400F74EC2 /* CoordinatorFinishOutput.swift */ = {isa = PBXFileReference; lastKnownFileType = sourcecode.swift; path = CoordinatorFinishOutput.swift; sourceTree = "<group>"; };
		5C2834DE2A6D7B5D00F74EC2 /* Router.swift */ = {isa = PBXFileReference; lastKnownFileType = sourcecode.swift; path = Router.swift; sourceTree = "<group>"; };
		5C2834E12A6D7B9800F74EC2 /* DeepLinkOption.swift */ = {isa = PBXFileReference; lastKnownFileType = sourcecode.swift; path = DeepLinkOption.swift; sourceTree = "<group>"; };
		5C2834E32A6D7BB400F74EC2 /* LaunchInstructor.swift */ = {isa = PBXFileReference; lastKnownFileType = sourcecode.swift; path = LaunchInstructor.swift; sourceTree = "<group>"; };
		5C2834E52A6D7C0100F74EC2 /* VC+Coordinator.swift */ = {isa = PBXFileReference; lastKnownFileType = sourcecode.swift; path = "VC+Coordinator.swift"; sourceTree = "<group>"; };
		5C2834E82A6D7C4D00F74EC2 /* ApplicationCoordinator.swift */ = {isa = PBXFileReference; lastKnownFileType = sourcecode.swift; path = ApplicationCoordinator.swift; sourceTree = "<group>"; };
		5C2834EA2A6D7D2800F74EC2 /* AuthCoordinator.swift */ = {isa = PBXFileReference; lastKnownFileType = sourcecode.swift; path = AuthCoordinator.swift; sourceTree = "<group>"; };
		5C2834EC2A6D7D3300F74EC2 /* TabBarCoordinator.swift */ = {isa = PBXFileReference; lastKnownFileType = sourcecode.swift; path = TabBarCoordinator.swift; sourceTree = "<group>"; };
		5C2834EE2A6D7E9800F74EC2 /* Typealiases.swift */ = {isa = PBXFileReference; lastKnownFileType = sourcecode.swift; path = Typealiases.swift; sourceTree = "<group>"; };
		5C2834F22A6D8C7D00F74EC2 /* TabBarEnum.swift */ = {isa = PBXFileReference; lastKnownFileType = sourcecode.swift; path = TabBarEnum.swift; sourceTree = "<group>"; };
		5C2834F42A6D949100F74EC2 /* AllDaysCoordinator.swift */ = {isa = PBXFileReference; lastKnownFileType = sourcecode.swift; path = AllDaysCoordinator.swift; sourceTree = "<group>"; };
		5C2834F62A6D949B00F74EC2 /* SettingsCoordinator.swift */ = {isa = PBXFileReference; lastKnownFileType = sourcecode.swift; path = SettingsCoordinator.swift; sourceTree = "<group>"; };
		5C2834F82A6E658800F74EC2 /* SceneDelegate.swift */ = {isa = PBXFileReference; lastKnownFileType = sourcecode.swift; path = SceneDelegate.swift; sourceTree = "<group>"; };
		5C3B5C312A61497900D4086C /* GenericVC.swift */ = {isa = PBXFileReference; lastKnownFileType = sourcecode.swift; path = GenericVC.swift; sourceTree = "<group>"; };
		5C3B5C402A62C4BA00D4086C /* AllHabitsVC.swift */ = {isa = PBXFileReference; lastKnownFileType = sourcecode.swift; path = AllHabitsVC.swift; sourceTree = "<group>"; };
		5C3B5C422A62C4C500D4086C /* AllHabitsView.swift */ = {isa = PBXFileReference; lastKnownFileType = sourcecode.swift; path = AllHabitsView.swift; sourceTree = "<group>"; };
		5C3B5C452A62C7AC00D4086C /* AddHabitView.swift */ = {isa = PBXFileReference; lastKnownFileType = sourcecode.swift; path = AddHabitView.swift; sourceTree = "<group>"; };
		5C3B5C492A62C7C300D4086C /* AddHabitVC.swift */ = {isa = PBXFileReference; lastKnownFileType = sourcecode.swift; path = AddHabitVC.swift; sourceTree = "<group>"; };
		5C5287EE2A5D55A90091F3C4 /* commit-clone.app */ = {isa = PBXFileReference; explicitFileType = wrapper.application; includeInIndex = 0; path = "commit-clone.app"; sourceTree = BUILT_PRODUCTS_DIR; };
		5C5287F12A5D55A90091F3C4 /* AppDelegate.swift */ = {isa = PBXFileReference; lastKnownFileType = sourcecode.swift; path = AppDelegate.swift; sourceTree = "<group>"; };
		5C5287FA2A5D55AA0091F3C4 /* Assets.xcassets */ = {isa = PBXFileReference; lastKnownFileType = folder.assetcatalog; path = Assets.xcassets; sourceTree = "<group>"; };
		5C5287FD2A5D55AA0091F3C4 /* Base */ = {isa = PBXFileReference; lastKnownFileType = file.storyboard; name = Base; path = Base.lproj/LaunchScreen.storyboard; sourceTree = "<group>"; };
		5C5287FF2A5D55AA0091F3C4 /* Info.plist */ = {isa = PBXFileReference; lastKnownFileType = text.plist.xml; path = Info.plist; sourceTree = "<group>"; };
		5C5288232A5D72C40091F3C4 /* TabBarVC.swift */ = {isa = PBXFileReference; lastKnownFileType = sourcecode.swift; path = TabBarVC.swift; sourceTree = "<group>"; };
		5C5288252A5D73990091F3C4 /* AllDaysVC.swift */ = {isa = PBXFileReference; lastKnownFileType = sourcecode.swift; path = AllDaysVC.swift; sourceTree = "<group>"; };
		5C5288272A5D73A40091F3C4 /* TodayVC.swift */ = {isa = PBXFileReference; lastKnownFileType = sourcecode.swift; path = TodayVC.swift; sourceTree = "<group>"; };
		5C5288292A5D73AC0091F3C4 /* SettingsVC.swift */ = {isa = PBXFileReference; lastKnownFileType = sourcecode.swift; path = SettingsVC.swift; sourceTree = "<group>"; };
		5C5288322A5D93A20091F3C4 /* AllDaysView.swift */ = {isa = PBXFileReference; lastKnownFileType = sourcecode.swift; path = AllDaysView.swift; sourceTree = "<group>"; };
		5C5288342A5D93AE0091F3C4 /* TodayView.swift */ = {isa = PBXFileReference; lastKnownFileType = sourcecode.swift; path = TodayView.swift; sourceTree = "<group>"; };
		5C5288362A5D93B60091F3C4 /* SettingsView.swift */ = {isa = PBXFileReference; lastKnownFileType = sourcecode.swift; path = SettingsView.swift; sourceTree = "<group>"; };
		5C5288382A5DC46B0091F3C4 /* Constraints.swift */ = {isa = PBXFileReference; lastKnownFileType = sourcecode.swift; path = Constraints.swift; sourceTree = "<group>"; };
		5C52883B2A5DC6BD0091F3C4 /* CalSans-SemiBold.otf */ = {isa = PBXFileReference; lastKnownFileType = file; path = "CalSans-SemiBold.otf"; sourceTree = "<group>"; };
		5C52883D2A5E8A840091F3C4 /* Extensions.swift */ = {isa = PBXFileReference; lastKnownFileType = sourcecode.swift; path = Extensions.swift; sourceTree = "<group>"; };
		5C52883F2A5E93460091F3C4 /* GridCVCell.swift */ = {isa = PBXFileReference; lastKnownFileType = sourcecode.swift; path = GridCVCell.swift; sourceTree = "<group>"; };
		5CA34FC12A653CB3006116DB /* SingleDayTVCell.swift */ = {isa = PBXFileReference; lastKnownFileType = sourcecode.swift; path = SingleDayTVCell.swift; sourceTree = "<group>"; };
		5CA34FC32A668DC2006116DB /* GoogleService-Info.plist */ = {isa = PBXFileReference; fileEncoding = 4; lastKnownFileType = text.plist.xml; path = "GoogleService-Info.plist"; sourceTree = "<group>"; };
		5CA34FD32A669621006116DB /* LoginView.swift */ = {isa = PBXFileReference; lastKnownFileType = sourcecode.swift; path = LoginView.swift; sourceTree = "<group>"; };
		5CA34FD52A66962D006116DB /* LoginVC.swift */ = {isa = PBXFileReference; lastKnownFileType = sourcecode.swift; path = LoginVC.swift; sourceTree = "<group>"; };
		5CA34FEC2A694C20006116DB /* DayButton.swift */ = {isa = PBXFileReference; lastKnownFileType = sourcecode.swift; path = DayButton.swift; sourceTree = "<group>"; };
		5CCA66712A641307007A76B6 /* SingleDayVC.swift */ = {isa = PBXFileReference; lastKnownFileType = sourcecode.swift; path = SingleDayVC.swift; sourceTree = "<group>"; };
		5CCA66732A641311007A76B6 /* SingleDayView.swift */ = {isa = PBXFileReference; lastKnownFileType = sourcecode.swift; path = SingleDayView.swift; sourceTree = "<group>"; };
/* End PBXFileReference section */

/* Begin PBXFrameworksBuildPhase section */
		5C5287EB2A5D55A90091F3C4 /* Frameworks */ = {
			isa = PBXFrameworksBuildPhase;
			buildActionMask = 2147483647;
			files = (
				5CA34FDD2A669EE0006116DB /* FirebaseAnalyticsSwift in Frameworks */,
				5CA34FE12A669EE0006116DB /* FirebaseCrashlytics in Frameworks */,
				5CA34FDF2A669EE0006116DB /* FirebaseAuth in Frameworks */,
				5CA34FEA2A669F3E006116DB /* GoogleSignInSwift in Frameworks */,
				5CA34FE32A669EE0006116DB /* FirebaseFirestore in Frameworks */,
				5CA34FDB2A669EE0006116DB /* FirebaseAnalytics in Frameworks */,
				5CA34FE52A669EE0006116DB /* FirebaseFirestoreSwift in Frameworks */,
				5CA34FE82A669F3E006116DB /* GoogleSignIn in Frameworks */,
			);
			runOnlyForDeploymentPostprocessing = 0;
		};
/* End PBXFrameworksBuildPhase section */

/* Begin PBXGroup section */
		5C2834CC2A6D74EF00F74EC2 /* BaseCoordinator */ = {
			isa = PBXGroup;
			children = (
				5C2834E02A6D7B9100F74EC2 /* Enums */,
				5C2834DD2A6D7B4200F74EC2 /* Router */,
				5C2834DC2A6D791100F74EC2 /* Extensions */,
				5C2834D52A6D785500F74EC2 /* Protocols */,
				5C2834D22A6D780500F74EC2 /* Base */,
				5C2834CD2A6D750E00F74EC2 /* Factory */,
			);
			path = BaseCoordinator;
			sourceTree = "<group>";
		};
		5C2834CD2A6D750E00F74EC2 /* Factory */ = {
			isa = PBXGroup;
			children = (
				5C2834CE2A6D752000F74EC2 /* CoordinatorFactory.swift */,
				5C2834D02A6D75CF00F74EC2 /* ViewControllerFactory.swift */,
			);
			path = Factory;
			sourceTree = "<group>";
		};
		5C2834D22A6D780500F74EC2 /* Base */ = {
			isa = PBXGroup;
			children = (
				5C2834D32A6D780D00F74EC2 /* BaseCoordinator.swift */,
			);
			path = Base;
			sourceTree = "<group>";
		};
		5C2834D52A6D785500F74EC2 /* Protocols */ = {
			isa = PBXGroup;
			children = (
				5C2834D62A6D786D00F74EC2 /* Coordinator.swift */,
				5C2834D82A6D788C00F74EC2 /* Presentable.swift */,
				5C2834DA2A6D78A400F74EC2 /* CoordinatorFinishOutput.swift */,
			);
			path = Protocols;
			sourceTree = "<group>";
		};
		5C2834DC2A6D791100F74EC2 /* Extensions */ = {
			isa = PBXGroup;
			children = (
				5C2834E52A6D7C0100F74EC2 /* VC+Coordinator.swift */,
			);
			path = Extensions;
			sourceTree = "<group>";
		};
		5C2834DD2A6D7B4200F74EC2 /* Router */ = {
			isa = PBXGroup;
			children = (
				5C2834DE2A6D7B5D00F74EC2 /* Router.swift */,
			);
			path = Router;
			sourceTree = "<group>";
		};
		5C2834E02A6D7B9100F74EC2 /* Enums */ = {
			isa = PBXGroup;
			children = (
				5C2834E12A6D7B9800F74EC2 /* DeepLinkOption.swift */,
				5C2834E32A6D7BB400F74EC2 /* LaunchInstructor.swift */,
			);
			path = Enums;
			sourceTree = "<group>";
		};
		5C2834E72A6D7C3C00F74EC2 /* Coordinators */ = {
			isa = PBXGroup;
			children = (
				5C2834E82A6D7C4D00F74EC2 /* ApplicationCoordinator.swift */,
				5C2834EA2A6D7D2800F74EC2 /* AuthCoordinator.swift */,
				5C2834EC2A6D7D3300F74EC2 /* TabBarCoordinator.swift */,
				5C2834F42A6D949100F74EC2 /* AllDaysCoordinator.swift */,
				5C2834F62A6D949B00F74EC2 /* SettingsCoordinator.swift */,
			);
			path = Coordinators;
			sourceTree = "<group>";
		};
		5C2834F12A6D8C6A00F74EC2 /* Enums */ = {
			isa = PBXGroup;
			children = (
				5C2834F22A6D8C7D00F74EC2 /* TabBarEnum.swift */,
			);
			path = Enums;
			sourceTree = "<group>";
		};
		5C3B5C332A617FF400D4086C /* Coordinator */ = {
			isa = PBXGroup;
			children = (
				5C2834F12A6D8C6A00F74EC2 /* Enums */,
				5C2834E72A6D7C3C00F74EC2 /* Coordinators */,
				5C2834CC2A6D74EF00F74EC2 /* BaseCoordinator */,
			);
			path = Coordinator;
			sourceTree = "<group>";
		};
		5C3B5C362A62C36200D4086C /* Modules */ = {
			isa = PBXGroup;
			children = (
				5CA34FD22A6695F8006116DB /* Auth */,
				5CCA66702A6412E5007A76B6 /* SingleDay */,
				5C3B5C3F2A62C4A500D4086C /* Tabs */,
			);
			path = Modules;
			sourceTree = "<group>";
		};
		5C3B5C372A62C36A00D4086C /* AllDays */ = {
			isa = PBXGroup;
			children = (
				5C3B5C442A62C79500D4086C /* AddHabit */,
				5C3B5C3E2A62C47E00D4086C /* AllHabits */,
				5C5288252A5D73990091F3C4 /* AllDaysVC.swift */,
				5C5288322A5D93A20091F3C4 /* AllDaysView.swift */,
				5C52883F2A5E93460091F3C4 /* GridCVCell.swift */,
			);
			path = AllDays;
			sourceTree = "<group>";
		};
		5C3B5C382A62C38D00D4086C /* Today */ = {
			isa = PBXGroup;
			children = (
				5C5288272A5D73A40091F3C4 /* TodayVC.swift */,
				5C5288342A5D93AE0091F3C4 /* TodayView.swift */,
			);
			path = Today;
			sourceTree = "<group>";
		};
		5C3B5C392A62C3C500D4086C /* Settings */ = {
			isa = PBXGroup;
			children = (
				5C5288362A5D93B60091F3C4 /* SettingsView.swift */,
				5C5288292A5D73AC0091F3C4 /* SettingsVC.swift */,
			);
			path = Settings;
			sourceTree = "<group>";
		};
		5C3B5C3C2A62C40900D4086C /* Assets */ = {
			isa = PBXGroup;
			children = (
				5C52883A2A5DC69E0091F3C4 /* Fonts */,
				5C5287FA2A5D55AA0091F3C4 /* Assets.xcassets */,
			);
			path = Assets;
			sourceTree = "<group>";
		};
		5C3B5C3D2A62C42100D4086C /* Helpers */ = {
			isa = PBXGroup;
			children = (
				5C5288382A5DC46B0091F3C4 /* Constraints.swift */,
				5C52883D2A5E8A840091F3C4 /* Extensions.swift */,
				5C3B5C312A61497900D4086C /* GenericVC.swift */,
				5C2834EE2A6D7E9800F74EC2 /* Typealiases.swift */,
			);
			path = Helpers;
			sourceTree = "<group>";
		};
		5C3B5C3E2A62C47E00D4086C /* AllHabits */ = {
			isa = PBXGroup;
			children = (
				5C3B5C402A62C4BA00D4086C /* AllHabitsVC.swift */,
				5C3B5C422A62C4C500D4086C /* AllHabitsView.swift */,
			);
			path = AllHabits;
			sourceTree = "<group>";
		};
		5C3B5C3F2A62C4A500D4086C /* Tabs */ = {
			isa = PBXGroup;
			children = (
				5C5288232A5D72C40091F3C4 /* TabBarVC.swift */,
				5C3B5C392A62C3C500D4086C /* Settings */,
				5C3B5C382A62C38D00D4086C /* Today */,
				5C3B5C372A62C36A00D4086C /* AllDays */,
			);
			path = Tabs;
			sourceTree = "<group>";
		};
		5C3B5C442A62C79500D4086C /* AddHabit */ = {
			isa = PBXGroup;
			children = (
				5C3B5C452A62C7AC00D4086C /* AddHabitView.swift */,
				5C3B5C492A62C7C300D4086C /* AddHabitVC.swift */,
			);
			path = AddHabit;
			sourceTree = "<group>";
		};
		5C5287E52A5D55A90091F3C4 = {
			isa = PBXGroup;
			children = (
				5C5287F02A5D55A90091F3C4 /* commit-clone */,
				5C5287EF2A5D55A90091F3C4 /* Products */,
			);
			sourceTree = "<group>";
		};
		5C5287EF2A5D55A90091F3C4 /* Products */ = {
			isa = PBXGroup;
			children = (
				5C5287EE2A5D55A90091F3C4 /* commit-clone.app */,
			);
			name = Products;
			sourceTree = "<group>";
		};
		5C5287F02A5D55A90091F3C4 /* commit-clone */ = {
			isa = PBXGroup;
			children = (
				5CA34FEB2A694BFB006116DB /* Components */,
				5CA34FC32A668DC2006116DB /* GoogleService-Info.plist */,
				5C5287F12A5D55A90091F3C4 /* AppDelegate.swift */,
				5C2834F82A6E658800F74EC2 /* SceneDelegate.swift */,
				5C5287FC2A5D55AA0091F3C4 /* LaunchScreen.storyboard */,
				5C5287FF2A5D55AA0091F3C4 /* Info.plist */,
				5C3B5C332A617FF400D4086C /* Coordinator */,
				5C3B5C362A62C36200D4086C /* Modules */,
				5C3B5C3D2A62C42100D4086C /* Helpers */,
				5C3B5C3C2A62C40900D4086C /* Assets */,
			);
			path = "commit-clone";
			sourceTree = "<group>";
		};
		5C52883A2A5DC69E0091F3C4 /* Fonts */ = {
			isa = PBXGroup;
			children = (
				5C52883B2A5DC6BD0091F3C4 /* CalSans-SemiBold.otf */,
			);
			path = Fonts;
			sourceTree = "<group>";
		};
		5CA34FD22A6695F8006116DB /* Auth */ = {
			isa = PBXGroup;
			children = (
				5CA34FD32A669621006116DB /* LoginView.swift */,
				5CA34FD52A66962D006116DB /* LoginVC.swift */,
			);
			path = Auth;
			sourceTree = "<group>";
		};
		5CA34FEB2A694BFB006116DB /* Components */ = {
			isa = PBXGroup;
			children = (
				5CA34FEC2A694C20006116DB /* DayButton.swift */,
			);
			path = Components;
			sourceTree = "<group>";
		};
		5CCA66702A6412E5007A76B6 /* SingleDay */ = {
			isa = PBXGroup;
			children = (
				5CCA66712A641307007A76B6 /* SingleDayVC.swift */,
				5CCA66732A641311007A76B6 /* SingleDayView.swift */,
				5CA34FC12A653CB3006116DB /* SingleDayTVCell.swift */,
			);
			path = SingleDay;
			sourceTree = "<group>";
		};
/* End PBXGroup section */

/* Begin PBXNativeTarget section */
		5C5287ED2A5D55A90091F3C4 /* commit-clone */ = {
			isa = PBXNativeTarget;
			buildConfigurationList = 5C5288022A5D55AA0091F3C4 /* Build configuration list for PBXNativeTarget "commit-clone" */;
			buildPhases = (
				5C5287EA2A5D55A90091F3C4 /* Sources */,
				5C5287EB2A5D55A90091F3C4 /* Frameworks */,
				5C5287EC2A5D55A90091F3C4 /* Resources */,
			);
			buildRules = (
			);
			dependencies = (
			);
			name = "commit-clone";
			packageProductDependencies = (
				5CA34FDA2A669EE0006116DB /* FirebaseAnalytics */,
				5CA34FDC2A669EE0006116DB /* FirebaseAnalyticsSwift */,
				5CA34FDE2A669EE0006116DB /* FirebaseAuth */,
				5CA34FE02A669EE0006116DB /* FirebaseCrashlytics */,
				5CA34FE22A669EE0006116DB /* FirebaseFirestore */,
				5CA34FE42A669EE0006116DB /* FirebaseFirestoreSwift */,
				5CA34FE72A669F3E006116DB /* GoogleSignIn */,
				5CA34FE92A669F3E006116DB /* GoogleSignInSwift */,
			);
			productName = "commit-clone";
			productReference = 5C5287EE2A5D55A90091F3C4 /* commit-clone.app */;
			productType = "com.apple.product-type.application";
		};
/* End PBXNativeTarget section */

/* Begin PBXProject section */
		5C5287E62A5D55A90091F3C4 /* Project object */ = {
			isa = PBXProject;
			attributes = {
				BuildIndependentTargetsInParallel = 1;
				LastSwiftUpdateCheck = 1420;
				LastUpgradeCheck = 1420;
				TargetAttributes = {
					5C5287ED2A5D55A90091F3C4 = {
						CreatedOnToolsVersion = 14.2;
					};
				};
			};
			buildConfigurationList = 5C5287E92A5D55A90091F3C4 /* Build configuration list for PBXProject "commit-clone" */;
			compatibilityVersion = "Xcode 14.0";
			developmentRegion = en;
			hasScannedForEncodings = 0;
			knownRegions = (
				en,
				Base,
			);
			mainGroup = 5C5287E52A5D55A90091F3C4;
			packageReferences = (
				5CA34FD92A669EE0006116DB /* XCRemoteSwiftPackageReference "firebase-ios-sdk" */,
				5CA34FE62A669F3E006116DB /* XCRemoteSwiftPackageReference "GoogleSignIn-iOS" */,
			);
			productRefGroup = 5C5287EF2A5D55A90091F3C4 /* Products */;
			projectDirPath = "";
			projectRoot = "";
			targets = (
				5C5287ED2A5D55A90091F3C4 /* commit-clone */,
			);
		};
/* End PBXProject section */

/* Begin PBXResourcesBuildPhase section */
		5C5287EC2A5D55A90091F3C4 /* Resources */ = {
			isa = PBXResourcesBuildPhase;
			buildActionMask = 2147483647;
			files = (
				5C52883C2A5DC6BD0091F3C4 /* CalSans-SemiBold.otf in Resources */,
				5C5287FE2A5D55AA0091F3C4 /* LaunchScreen.storyboard in Resources */,
				5C5287FB2A5D55AA0091F3C4 /* Assets.xcassets in Resources */,
				5CA34FC42A668DC2006116DB /* GoogleService-Info.plist in Resources */,
			);
			runOnlyForDeploymentPostprocessing = 0;
		};
/* End PBXResourcesBuildPhase section */

/* Begin PBXSourcesBuildPhase section */
		5C5287EA2A5D55A90091F3C4 /* Sources */ = {
			isa = PBXSourcesBuildPhase;
			buildActionMask = 2147483647;
			files = (
				5C2834EF2A6D7E9800F74EC2 /* Typealiases.swift in Sources */,
				5C3B5C322A61497900D4086C /* GenericVC.swift in Sources */,
				5C3B5C432A62C4C500D4086C /* AllHabitsView.swift in Sources */,
				5C5288332A5D93A20091F3C4 /* AllDaysView.swift in Sources */,
				5C5288282A5D73A40091F3C4 /* TodayVC.swift in Sources */,
				5CA34FD42A669621006116DB /* LoginView.swift in Sources */,
				5CCA66742A641311007A76B6 /* SingleDayView.swift in Sources */,
				5CA34FD62A66962D006116DB /* LoginVC.swift in Sources */,
				5CA34FED2A694C20006116DB /* DayButton.swift in Sources */,
				5C2834E22A6D7B9800F74EC2 /* DeepLinkOption.swift in Sources */,
				5C2834F32A6D8C7D00F74EC2 /* TabBarEnum.swift in Sources */,
				5C2834E42A6D7BB400F74EC2 /* LaunchInstructor.swift in Sources */,
				5C2834D72A6D786D00F74EC2 /* Coordinator.swift in Sources */,
				5C5288392A5DC46B0091F3C4 /* Constraints.swift in Sources */,
				5CA34FC22A653CB3006116DB /* SingleDayTVCell.swift in Sources */,
				5C2834F92A6E658800F74EC2 /* SceneDelegate.swift in Sources */,
				5C5287F22A5D55A90091F3C4 /* AppDelegate.swift in Sources */,
				5C2834F52A6D949100F74EC2 /* AllDaysCoordinator.swift in Sources */,
				5C3B5C462A62C7AC00D4086C /* AddHabitView.swift in Sources */,
				5C2834D92A6D788C00F74EC2 /* Presentable.swift in Sources */,
				5C5288402A5E93460091F3C4 /* GridCVCell.swift in Sources */,
				5C2834E92A6D7C4D00F74EC2 /* ApplicationCoordinator.swift in Sources */,
				5C2834E62A6D7C0100F74EC2 /* VC+Coordinator.swift in Sources */,
				5C5288242A5D72C40091F3C4 /* TabBarVC.swift in Sources */,
				5C2834CF2A6D752000F74EC2 /* CoordinatorFactory.swift in Sources */,
				5C2834F72A6D949B00F74EC2 /* SettingsCoordinator.swift in Sources */,
				5C2834D12A6D75CF00F74EC2 /* ViewControllerFactory.swift in Sources */,
				5C52883E2A5E8A840091F3C4 /* Extensions.swift in Sources */,
				5C3B5C412A62C4BA00D4086C /* AllHabitsVC.swift in Sources */,
				5C2834ED2A6D7D3300F74EC2 /* TabBarCoordinator.swift in Sources */,
				5C2834EB2A6D7D2800F74EC2 /* AuthCoordinator.swift in Sources */,
				5C3B5C4A2A62C7C300D4086C /* AddHabitVC.swift in Sources */,
				5C2834DF2A6D7B5D00F74EC2 /* Router.swift in Sources */,
				5C2834DB2A6D78A400F74EC2 /* CoordinatorFinishOutput.swift in Sources */,
				5C5288262A5D73990091F3C4 /* AllDaysVC.swift in Sources */,
				5C5288352A5D93AE0091F3C4 /* TodayView.swift in Sources */,
				5C52882A2A5D73AC0091F3C4 /* SettingsVC.swift in Sources */,
				5C2834D42A6D780D00F74EC2 /* BaseCoordinator.swift in Sources */,
				5C5288372A5D93B60091F3C4 /* SettingsView.swift in Sources */,
				5CCA66722A641307007A76B6 /* SingleDayVC.swift in Sources */,
			);
			runOnlyForDeploymentPostprocessing = 0;
		};
/* End PBXSourcesBuildPhase section */

/* Begin PBXVariantGroup section */
		5C5287FC2A5D55AA0091F3C4 /* LaunchScreen.storyboard */ = {
			isa = PBXVariantGroup;
			children = (
				5C5287FD2A5D55AA0091F3C4 /* Base */,
			);
			name = LaunchScreen.storyboard;
			sourceTree = "<group>";
		};
/* End PBXVariantGroup section */

/* Begin XCBuildConfiguration section */
		5C5288002A5D55AA0091F3C4 /* Debug */ = {
			isa = XCBuildConfiguration;
			buildSettings = {
				ALWAYS_SEARCH_USER_PATHS = NO;
				CLANG_ANALYZER_NONNULL = YES;
				CLANG_ANALYZER_NUMBER_OBJECT_CONVERSION = YES_AGGRESSIVE;
				CLANG_CXX_LANGUAGE_STANDARD = "gnu++20";
				CLANG_ENABLE_MODULES = YES;
				CLANG_ENABLE_OBJC_ARC = YES;
				CLANG_ENABLE_OBJC_WEAK = YES;
				CLANG_WARN_BLOCK_CAPTURE_AUTORELEASING = YES;
				CLANG_WARN_BOOL_CONVERSION = YES;
				CLANG_WARN_COMMA = YES;
				CLANG_WARN_CONSTANT_CONVERSION = YES;
				CLANG_WARN_DEPRECATED_OBJC_IMPLEMENTATIONS = YES;
				CLANG_WARN_DIRECT_OBJC_ISA_USAGE = YES_ERROR;
				CLANG_WARN_DOCUMENTATION_COMMENTS = YES;
				CLANG_WARN_EMPTY_BODY = YES;
				CLANG_WARN_ENUM_CONVERSION = YES;
				CLANG_WARN_INFINITE_RECURSION = YES;
				CLANG_WARN_INT_CONVERSION = YES;
				CLANG_WARN_NON_LITERAL_NULL_CONVERSION = YES;
				CLANG_WARN_OBJC_IMPLICIT_RETAIN_SELF = YES;
				CLANG_WARN_OBJC_LITERAL_CONVERSION = YES;
				CLANG_WARN_OBJC_ROOT_CLASS = YES_ERROR;
				CLANG_WARN_QUOTED_INCLUDE_IN_FRAMEWORK_HEADER = YES;
				CLANG_WARN_RANGE_LOOP_ANALYSIS = YES;
				CLANG_WARN_STRICT_PROTOTYPES = YES;
				CLANG_WARN_SUSPICIOUS_MOVE = YES;
				CLANG_WARN_UNGUARDED_AVAILABILITY = YES_AGGRESSIVE;
				CLANG_WARN_UNREACHABLE_CODE = YES;
				CLANG_WARN__DUPLICATE_METHOD_MATCH = YES;
				COPY_PHASE_STRIP = NO;
				DEBUG_INFORMATION_FORMAT = dwarf;
				ENABLE_STRICT_OBJC_MSGSEND = YES;
				ENABLE_TESTABILITY = YES;
				GCC_C_LANGUAGE_STANDARD = gnu11;
				GCC_DYNAMIC_NO_PIC = NO;
				GCC_NO_COMMON_BLOCKS = YES;
				GCC_OPTIMIZATION_LEVEL = 0;
				GCC_PREPROCESSOR_DEFINITIONS = (
					"DEBUG=1",
					"$(inherited)",
				);
				GCC_WARN_64_TO_32_BIT_CONVERSION = YES;
				GCC_WARN_ABOUT_RETURN_TYPE = YES_ERROR;
				GCC_WARN_UNDECLARED_SELECTOR = YES;
				GCC_WARN_UNINITIALIZED_AUTOS = YES_AGGRESSIVE;
				GCC_WARN_UNUSED_FUNCTION = YES;
				GCC_WARN_UNUSED_VARIABLE = YES;
				IPHONEOS_DEPLOYMENT_TARGET = 16.2;
				MTL_ENABLE_DEBUG_INFO = INCLUDE_SOURCE;
				MTL_FAST_MATH = YES;
				ONLY_ACTIVE_ARCH = YES;
				SDKROOT = iphoneos;
				SWIFT_ACTIVE_COMPILATION_CONDITIONS = DEBUG;
				SWIFT_OPTIMIZATION_LEVEL = "-Onone";
			};
			name = Debug;
		};
		5C5288012A5D55AA0091F3C4 /* Release */ = {
			isa = XCBuildConfiguration;
			buildSettings = {
				ALWAYS_SEARCH_USER_PATHS = NO;
				CLANG_ANALYZER_NONNULL = YES;
				CLANG_ANALYZER_NUMBER_OBJECT_CONVERSION = YES_AGGRESSIVE;
				CLANG_CXX_LANGUAGE_STANDARD = "gnu++20";
				CLANG_ENABLE_MODULES = YES;
				CLANG_ENABLE_OBJC_ARC = YES;
				CLANG_ENABLE_OBJC_WEAK = YES;
				CLANG_WARN_BLOCK_CAPTURE_AUTORELEASING = YES;
				CLANG_WARN_BOOL_CONVERSION = YES;
				CLANG_WARN_COMMA = YES;
				CLANG_WARN_CONSTANT_CONVERSION = YES;
				CLANG_WARN_DEPRECATED_OBJC_IMPLEMENTATIONS = YES;
				CLANG_WARN_DIRECT_OBJC_ISA_USAGE = YES_ERROR;
				CLANG_WARN_DOCUMENTATION_COMMENTS = YES;
				CLANG_WARN_EMPTY_BODY = YES;
				CLANG_WARN_ENUM_CONVERSION = YES;
				CLANG_WARN_INFINITE_RECURSION = YES;
				CLANG_WARN_INT_CONVERSION = YES;
				CLANG_WARN_NON_LITERAL_NULL_CONVERSION = YES;
				CLANG_WARN_OBJC_IMPLICIT_RETAIN_SELF = YES;
				CLANG_WARN_OBJC_LITERAL_CONVERSION = YES;
				CLANG_WARN_OBJC_ROOT_CLASS = YES_ERROR;
				CLANG_WARN_QUOTED_INCLUDE_IN_FRAMEWORK_HEADER = YES;
				CLANG_WARN_RANGE_LOOP_ANALYSIS = YES;
				CLANG_WARN_STRICT_PROTOTYPES = YES;
				CLANG_WARN_SUSPICIOUS_MOVE = YES;
				CLANG_WARN_UNGUARDED_AVAILABILITY = YES_AGGRESSIVE;
				CLANG_WARN_UNREACHABLE_CODE = YES;
				CLANG_WARN__DUPLICATE_METHOD_MATCH = YES;
				COPY_PHASE_STRIP = NO;
				DEBUG_INFORMATION_FORMAT = "dwarf-with-dsym";
				ENABLE_NS_ASSERTIONS = NO;
				ENABLE_STRICT_OBJC_MSGSEND = YES;
				GCC_C_LANGUAGE_STANDARD = gnu11;
				GCC_NO_COMMON_BLOCKS = YES;
				GCC_WARN_64_TO_32_BIT_CONVERSION = YES;
				GCC_WARN_ABOUT_RETURN_TYPE = YES_ERROR;
				GCC_WARN_UNDECLARED_SELECTOR = YES;
				GCC_WARN_UNINITIALIZED_AUTOS = YES_AGGRESSIVE;
				GCC_WARN_UNUSED_FUNCTION = YES;
				GCC_WARN_UNUSED_VARIABLE = YES;
				IPHONEOS_DEPLOYMENT_TARGET = 16.2;
				MTL_ENABLE_DEBUG_INFO = NO;
				MTL_FAST_MATH = YES;
				SDKROOT = iphoneos;
				SWIFT_COMPILATION_MODE = wholemodule;
				SWIFT_OPTIMIZATION_LEVEL = "-O";
				VALIDATE_PRODUCT = YES;
			};
			name = Release;
		};
		5C5288032A5D55AA0091F3C4 /* Debug */ = {
			isa = XCBuildConfiguration;
			buildSettings = {
				ASSETCATALOG_COMPILER_APPICON_NAME = AppIcon;
				ASSETCATALOG_COMPILER_GLOBAL_ACCENT_COLOR_NAME = AccentColor;
				CODE_SIGN_STYLE = Automatic;
				CURRENT_PROJECT_VERSION = 1;
				DEVELOPMENT_TEAM = AA27Q22GWM;
				GENERATE_INFOPLIST_FILE = YES;
				INFOPLIST_FILE = "commit-clone/Info.plist";
				INFOPLIST_KEY_UIApplicationSupportsIndirectInputEvents = YES;
				INFOPLIST_KEY_UILaunchStoryboardName = LaunchScreen;
				INFOPLIST_KEY_UISupportedInterfaceOrientations = UIInterfaceOrientationPortrait;
				INFOPLIST_KEY_UISupportedInterfaceOrientations_iPad = "UIInterfaceOrientationLandscapeLeft UIInterfaceOrientationLandscapeRight UIInterfaceOrientationPortrait UIInterfaceOrientationPortraitUpsideDown";
				IPHONEOS_DEPLOYMENT_TARGET = 15.0;
				LD_RUNPATH_SEARCH_PATHS = (
					"$(inherited)",
					"@executable_path/Frameworks",
				);
				MARKETING_VERSION = 1.0;
				PRODUCT_BUNDLE_IDENTIFIER = "com.nouraleee.commit-clone";
				PRODUCT_NAME = "$(TARGET_NAME)";
				SWIFT_EMIT_LOC_STRINGS = YES;
				SWIFT_VERSION = 5.0;
				TARGETED_DEVICE_FAMILY = "1,2";
			};
			name = Debug;
		};
		5C5288042A5D55AA0091F3C4 /* Release */ = {
			isa = XCBuildConfiguration;
			buildSettings = {
				ASSETCATALOG_COMPILER_APPICON_NAME = AppIcon;
				ASSETCATALOG_COMPILER_GLOBAL_ACCENT_COLOR_NAME = AccentColor;
				CODE_SIGN_STYLE = Automatic;
				CURRENT_PROJECT_VERSION = 1;
				DEVELOPMENT_TEAM = AA27Q22GWM;
				GENERATE_INFOPLIST_FILE = YES;
				INFOPLIST_FILE = "commit-clone/Info.plist";
				INFOPLIST_KEY_UIApplicationSupportsIndirectInputEvents = YES;
				INFOPLIST_KEY_UILaunchStoryboardName = LaunchScreen;
				INFOPLIST_KEY_UISupportedInterfaceOrientations = UIInterfaceOrientationPortrait;
				INFOPLIST_KEY_UISupportedInterfaceOrientations_iPad = "UIInterfaceOrientationLandscapeLeft UIInterfaceOrientationLandscapeRight UIInterfaceOrientationPortrait UIInterfaceOrientationPortraitUpsideDown";
				IPHONEOS_DEPLOYMENT_TARGET = 15.0;
				LD_RUNPATH_SEARCH_PATHS = (
					"$(inherited)",
					"@executable_path/Frameworks",
				);
				MARKETING_VERSION = 1.0;
				PRODUCT_BUNDLE_IDENTIFIER = "com.nouraleee.commit-clone";
				PRODUCT_NAME = "$(TARGET_NAME)";
				SWIFT_EMIT_LOC_STRINGS = YES;
				SWIFT_VERSION = 5.0;
				TARGETED_DEVICE_FAMILY = "1,2";
			};
			name = Release;
		};
/* End XCBuildConfiguration section */

/* Begin XCConfigurationList section */
		5C5287E92A5D55A90091F3C4 /* Build configuration list for PBXProject "commit-clone" */ = {
			isa = XCConfigurationList;
			buildConfigurations = (
				5C5288002A5D55AA0091F3C4 /* Debug */,
				5C5288012A5D55AA0091F3C4 /* Release */,
			);
			defaultConfigurationIsVisible = 0;
			defaultConfigurationName = Release;
		};
		5C5288022A5D55AA0091F3C4 /* Build configuration list for PBXNativeTarget "commit-clone" */ = {
			isa = XCConfigurationList;
			buildConfigurations = (
				5C5288032A5D55AA0091F3C4 /* Debug */,
				5C5288042A5D55AA0091F3C4 /* Release */,
			);
			defaultConfigurationIsVisible = 0;
			defaultConfigurationName = Release;
		};
/* End XCConfigurationList section */

/* Begin XCRemoteSwiftPackageReference section */
		5CA34FD92A669EE0006116DB /* XCRemoteSwiftPackageReference "firebase-ios-sdk" */ = {
			isa = XCRemoteSwiftPackageReference;
			repositoryURL = "https://github.com/firebase/firebase-ios-sdk.git";
			requirement = {
				kind = upToNextMajorVersion;
				minimumVersion = 9.0.0;
			};
		};
		5CA34FE62A669F3E006116DB /* XCRemoteSwiftPackageReference "GoogleSignIn-iOS" */ = {
			isa = XCRemoteSwiftPackageReference;
			repositoryURL = "https://github.com/google/GoogleSignIn-iOS";
			requirement = {
				kind = upToNextMajorVersion;
				minimumVersion = 7.0.0;
			};
		};
/* End XCRemoteSwiftPackageReference section */

/* Begin XCSwiftPackageProductDependency section */
		5CA34FDA2A669EE0006116DB /* FirebaseAnalytics */ = {
			isa = XCSwiftPackageProductDependency;
			package = 5CA34FD92A669EE0006116DB /* XCRemoteSwiftPackageReference "firebase-ios-sdk" */;
			productName = FirebaseAnalytics;
		};
		5CA34FDC2A669EE0006116DB /* FirebaseAnalyticsSwift */ = {
			isa = XCSwiftPackageProductDependency;
			package = 5CA34FD92A669EE0006116DB /* XCRemoteSwiftPackageReference "firebase-ios-sdk" */;
			productName = FirebaseAnalyticsSwift;
		};
		5CA34FDE2A669EE0006116DB /* FirebaseAuth */ = {
			isa = XCSwiftPackageProductDependency;
			package = 5CA34FD92A669EE0006116DB /* XCRemoteSwiftPackageReference "firebase-ios-sdk" */;
			productName = FirebaseAuth;
		};
		5CA34FE02A669EE0006116DB /* FirebaseCrashlytics */ = {
			isa = XCSwiftPackageProductDependency;
			package = 5CA34FD92A669EE0006116DB /* XCRemoteSwiftPackageReference "firebase-ios-sdk" */;
			productName = FirebaseCrashlytics;
		};
		5CA34FE22A669EE0006116DB /* FirebaseFirestore */ = {
			isa = XCSwiftPackageProductDependency;
			package = 5CA34FD92A669EE0006116DB /* XCRemoteSwiftPackageReference "firebase-ios-sdk" */;
			productName = FirebaseFirestore;
		};
		5CA34FE42A669EE0006116DB /* FirebaseFirestoreSwift */ = {
			isa = XCSwiftPackageProductDependency;
			package = 5CA34FD92A669EE0006116DB /* XCRemoteSwiftPackageReference "firebase-ios-sdk" */;
			productName = FirebaseFirestoreSwift;
		};
		5CA34FE72A669F3E006116DB /* GoogleSignIn */ = {
			isa = XCSwiftPackageProductDependency;
			package = 5CA34FE62A669F3E006116DB /* XCRemoteSwiftPackageReference "GoogleSignIn-iOS" */;
			productName = GoogleSignIn;
		};
		5CA34FE92A669F3E006116DB /* GoogleSignInSwift */ = {
			isa = XCSwiftPackageProductDependency;
			package = 5CA34FE62A669F3E006116DB /* XCRemoteSwiftPackageReference "GoogleSignIn-iOS" */;
			productName = GoogleSignInSwift;
		};
/* End XCSwiftPackageProductDependency section */
	};
	rootObject = 5C5287E62A5D55A90091F3C4 /* Project object */;
}
