// !$*UTF8*$!
{
	archiveVersion = 1;
	classes = {
	};
	objectVersion = 56;
	objects = {

/* Begin PBXBuildFile section */
		5C3B5C322A61497900D4086C /* GenericVC.swift in Sources */ = {isa = PBXBuildFile; fileRef = 5C3B5C312A61497900D4086C /* GenericVC.swift */; };
		5C5287F22A5D55A90091F3C4 /* AppDelegate.swift in Sources */ = {isa = PBXBuildFile; fileRef = 5C5287F12A5D55A90091F3C4 /* AppDelegate.swift */; };
		5C5287F42A5D55A90091F3C4 /* SceneDelegate.swift in Sources */ = {isa = PBXBuildFile; fileRef = 5C5287F32A5D55A90091F3C4 /* SceneDelegate.swift */; };
		5C5287FB2A5D55AA0091F3C4 /* Assets.xcassets in Resources */ = {isa = PBXBuildFile; fileRef = 5C5287FA2A5D55AA0091F3C4 /* Assets.xcassets */; };
		5C5287FE2A5D55AA0091F3C4 /* LaunchScreen.storyboard in Resources */ = {isa = PBXBuildFile; fileRef = 5C5287FC2A5D55AA0091F3C4 /* LaunchScreen.storyboard */; };
		5C52881C2A5D6D8B0091F3C4 /* MainCoordinator.swift in Sources */ = {isa = PBXBuildFile; fileRef = 5C52881B2A5D6D8B0091F3C4 /* MainCoordinator.swift */; };
		5C52881E2A5D6DBC0091F3C4 /* Coordinator.swift in Sources */ = {isa = PBXBuildFile; fileRef = 5C52881D2A5D6DBC0091F3C4 /* Coordinator.swift */; };
		5C5288242A5D72C40091F3C4 /* TabBarVC.swift in Sources */ = {isa = PBXBuildFile; fileRef = 5C5288232A5D72C40091F3C4 /* TabBarVC.swift */; };
		5C5288262A5D73990091F3C4 /* AllDaysVC.swift in Sources */ = {isa = PBXBuildFile; fileRef = 5C5288252A5D73990091F3C4 /* AllDaysVC.swift */; };
		5C5288282A5D73A40091F3C4 /* TodayVC.swift in Sources */ = {isa = PBXBuildFile; fileRef = 5C5288272A5D73A40091F3C4 /* TodayVC.swift */; };
		5C52882A2A5D73AC0091F3C4 /* SettingsVC.swift in Sources */ = {isa = PBXBuildFile; fileRef = 5C5288292A5D73AC0091F3C4 /* SettingsVC.swift */; };
		5C5288332A5D93A20091F3C4 /* AllDaysView.swift in Sources */ = {isa = PBXBuildFile; fileRef = 5C5288322A5D93A20091F3C4 /* AllDaysView.swift */; };
		5C5288352A5D93AE0091F3C4 /* TodayView.swift in Sources */ = {isa = PBXBuildFile; fileRef = 5C5288342A5D93AE0091F3C4 /* TodayView.swift */; };
		5C5288372A5D93B60091F3C4 /* SettingsView.swift in Sources */ = {isa = PBXBuildFile; fileRef = 5C5288362A5D93B60091F3C4 /* SettingsView.swift */; };
		5C5288392A5DC46B0091F3C4 /* Constraints.swift in Sources */ = {isa = PBXBuildFile; fileRef = 5C5288382A5DC46B0091F3C4 /* Constraints.swift */; };
		5C52883C2A5DC6BD0091F3C4 /* CalSans-SemiBold.otf in Resources */ = {isa = PBXBuildFile; fileRef = 5C52883B2A5DC6BD0091F3C4 /* CalSans-SemiBold.otf */; };
		5C52883E2A5E8A840091F3C4 /* Extensions.swift in Sources */ = {isa = PBXBuildFile; fileRef = 5C52883D2A5E8A840091F3C4 /* Extensions.swift */; };
		5C5288402A5E93460091F3C4 /* GridCVCell.swift in Sources */ = {isa = PBXBuildFile; fileRef = 5C52883F2A5E93460091F3C4 /* GridCVCell.swift */; };
		5C5288422A5EC0080091F3C4 /* SwiftUIView.swift in Sources */ = {isa = PBXBuildFile; fileRef = 5C5288412A5EC0080091F3C4 /* SwiftUIView.swift */; };
/* End PBXBuildFile section */

/* Begin PBXFileReference section */
		5C3B5C312A61497900D4086C /* GenericVC.swift */ = {isa = PBXFileReference; lastKnownFileType = sourcecode.swift; path = GenericVC.swift; sourceTree = "<group>"; };
		5C5287EE2A5D55A90091F3C4 /* commit-clone.app */ = {isa = PBXFileReference; explicitFileType = wrapper.application; includeInIndex = 0; path = "commit-clone.app"; sourceTree = BUILT_PRODUCTS_DIR; };
		5C5287F12A5D55A90091F3C4 /* AppDelegate.swift */ = {isa = PBXFileReference; lastKnownFileType = sourcecode.swift; path = AppDelegate.swift; sourceTree = "<group>"; };
		5C5287F32A5D55A90091F3C4 /* SceneDelegate.swift */ = {isa = PBXFileReference; lastKnownFileType = sourcecode.swift; path = SceneDelegate.swift; sourceTree = "<group>"; };
		5C5287FA2A5D55AA0091F3C4 /* Assets.xcassets */ = {isa = PBXFileReference; lastKnownFileType = folder.assetcatalog; path = Assets.xcassets; sourceTree = "<group>"; };
		5C5287FD2A5D55AA0091F3C4 /* Base */ = {isa = PBXFileReference; lastKnownFileType = file.storyboard; name = Base; path = Base.lproj/LaunchScreen.storyboard; sourceTree = "<group>"; };
		5C5287FF2A5D55AA0091F3C4 /* Info.plist */ = {isa = PBXFileReference; lastKnownFileType = text.plist.xml; path = Info.plist; sourceTree = "<group>"; };
		5C52881B2A5D6D8B0091F3C4 /* MainCoordinator.swift */ = {isa = PBXFileReference; lastKnownFileType = sourcecode.swift; path = MainCoordinator.swift; sourceTree = "<group>"; };
		5C52881D2A5D6DBC0091F3C4 /* Coordinator.swift */ = {isa = PBXFileReference; lastKnownFileType = sourcecode.swift; path = Coordinator.swift; sourceTree = "<group>"; };
		5C5288232A5D72C40091F3C4 /* TabBarVC.swift */ = {isa = PBXFileReference; lastKnownFileType = sourcecode.swift; path = TabBarVC.swift; sourceTree = "<group>"; };
		5C5288252A5D73990091F3C4 /* AllDaysVC.swift */ = {isa = PBXFileReference; lastKnownFileType = sourcecode.swift; path = AllDaysVC.swift; sourceTree = "<group>"; };
		5C5288272A5D73A40091F3C4 /* TodayVC.swift */ = {isa = PBXFileReference; lastKnownFileType = sourcecode.swift; path = TodayVC.swift; sourceTree = "<group>"; };
		5C5288292A5D73AC0091F3C4 /* SettingsVC.swift */ = {isa = PBXFileReference; lastKnownFileType = sourcecode.swift; path = SettingsVC.swift; sourceTree = "<group>"; };
		5C5288322A5D93A20091F3C4 /* AllDaysView.swift */ = {isa = PBXFileReference; lastKnownFileType = sourcecode.swift; path = AllDaysView.swift; sourceTree = "<group>"; };
		5C5288342A5D93AE0091F3C4 /* TodayView.swift */ = {isa = PBXFileReference; lastKnownFileType = sourcecode.swift; path = TodayView.swift; sourceTree = "<group>"; };
		5C5288362A5D93B60091F3C4 /* SettingsView.swift */ = {isa = PBXFileReference; lastKnownFileType = sourcecode.swift; path = SettingsView.swift; sourceTree = "<group>"; };
		5C5288382A5DC46B0091F3C4 /* Constraints.swift */ = {isa = PBXFileReference; lastKnownFileType = sourcecode.swift; path = Constraints.swift; sourceTree = "<group>"; };
		5C52883B2A5DC6BD0091F3C4 /* CalSans-SemiBold.otf */ = {isa = PBXFileReference; lastKnownFileType = file; path = "CalSans-SemiBold.otf"; sourceTree = "<group>"; };
		5C52883D2A5E8A840091F3C4 /* Extensions.swift */ = {isa = PBXFileReference; lastKnownFileType = sourcecode.swift; path = Extensions.swift; sourceTree = "<group>"; };
		5C52883F2A5E93460091F3C4 /* GridCVCell.swift */ = {isa = PBXFileReference; lastKnownFileType = sourcecode.swift; path = GridCVCell.swift; sourceTree = "<group>"; };
		5C5288412A5EC0080091F3C4 /* SwiftUIView.swift */ = {isa = PBXFileReference; lastKnownFileType = sourcecode.swift; path = SwiftUIView.swift; sourceTree = "<group>"; };
/* End PBXFileReference section */

/* Begin PBXFrameworksBuildPhase section */
		5C5287EB2A5D55A90091F3C4 /* Frameworks */ = {
			isa = PBXFrameworksBuildPhase;
			buildActionMask = 2147483647;
			files = (
			);
			runOnlyForDeploymentPostprocessing = 0;
		};
/* End PBXFrameworksBuildPhase section */

/* Begin PBXGroup section */
		5C5287E52A5D55A90091F3C4 = {
			isa = PBXGroup;
			children = (
				5C5287F02A5D55A90091F3C4 /* commit-clone */,
				5C5287EF2A5D55A90091F3C4 /* Products */,
			);
			sourceTree = "<group>";
		};
		5C5287EF2A5D55A90091F3C4 /* Products */ = {
			isa = PBXGroup;
			children = (
				5C5287EE2A5D55A90091F3C4 /* commit-clone.app */,
			);
			name = Products;
			sourceTree = "<group>";
		};
		5C5287F02A5D55A90091F3C4 /* commit-clone */ = {
			isa = PBXGroup;
			children = (
				5C5287F12A5D55A90091F3C4 /* AppDelegate.swift */,
				5C5287F32A5D55A90091F3C4 /* SceneDelegate.swift */,
				5C52881B2A5D6D8B0091F3C4 /* MainCoordinator.swift */,
				5C52882F2A5D93760091F3C4 /* Views */,
				5C52882E2A5D93560091F3C4 /* Controllers */,
				5C52881D2A5D6DBC0091F3C4 /* Coordinator.swift */,
				5C52883A2A5DC69E0091F3C4 /* Fonts */,
				5C5287FA2A5D55AA0091F3C4 /* Assets.xcassets */,
				5C5287FC2A5D55AA0091F3C4 /* LaunchScreen.storyboard */,
				5C5287FF2A5D55AA0091F3C4 /* Info.plist */,
				5C5288382A5DC46B0091F3C4 /* Constraints.swift */,
				5C52883D2A5E8A840091F3C4 /* Extensions.swift */,
				5C3B5C312A61497900D4086C /* GenericVC.swift */,
			);
			path = "commit-clone";
			sourceTree = "<group>";
		};
		5C52882E2A5D93560091F3C4 /* Controllers */ = {
			isa = PBXGroup;
			children = (
				5C5288232A5D72C40091F3C4 /* TabBarVC.swift */,
				5C5288252A5D73990091F3C4 /* AllDaysVC.swift */,
				5C5288272A5D73A40091F3C4 /* TodayVC.swift */,
				5C5288292A5D73AC0091F3C4 /* SettingsVC.swift */,
			);
			path = Controllers;
			sourceTree = "<group>";
		};
		5C52882F2A5D93760091F3C4 /* Views */ = {
			isa = PBXGroup;
			children = (
				5C5288322A5D93A20091F3C4 /* AllDaysView.swift */,
				5C5288412A5EC0080091F3C4 /* SwiftUIView.swift */,
				5C5288342A5D93AE0091F3C4 /* TodayView.swift */,
				5C5288362A5D93B60091F3C4 /* SettingsView.swift */,
				5C52883F2A5E93460091F3C4 /* GridCVCell.swift */,
			);
			path = Views;
			sourceTree = "<group>";
		};
		5C52883A2A5DC69E0091F3C4 /* Fonts */ = {
			isa = PBXGroup;
			children = (
				5C52883B2A5DC6BD0091F3C4 /* CalSans-SemiBold.otf */,
			);
			path = Fonts;
			sourceTree = "<group>";
		};
/* End PBXGroup section */

/* Begin PBXNativeTarget section */
		5C5287ED2A5D55A90091F3C4 /* commit-clone */ = {
			isa = PBXNativeTarget;
			buildConfigurationList = 5C5288022A5D55AA0091F3C4 /* Build configuration list for PBXNativeTarget "commit-clone" */;
			buildPhases = (
				5C5287EA2A5D55A90091F3C4 /* Sources */,
				5C5287EB2A5D55A90091F3C4 /* Frameworks */,
				5C5287EC2A5D55A90091F3C4 /* Resources */,
			);
			buildRules = (
			);
			dependencies = (
			);
			name = "commit-clone";
			productName = "commit-clone";
			productReference = 5C5287EE2A5D55A90091F3C4 /* commit-clone.app */;
			productType = "com.apple.product-type.application";
		};
/* End PBXNativeTarget section */

/* Begin PBXProject section */
		5C5287E62A5D55A90091F3C4 /* Project object */ = {
			isa = PBXProject;
			attributes = {
				BuildIndependentTargetsInParallel = 1;
				LastSwiftUpdateCheck = 1420;
				LastUpgradeCheck = 1420;
				TargetAttributes = {
					5C5287ED2A5D55A90091F3C4 = {
						CreatedOnToolsVersion = 14.2;
					};
				};
			};
			buildConfigurationList = 5C5287E92A5D55A90091F3C4 /* Build configuration list for PBXProject "commit-clone" */;
			compatibilityVersion = "Xcode 14.0";
			developmentRegion = en;
			hasScannedForEncodings = 0;
			knownRegions = (
				en,
				Base,
			);
			mainGroup = 5C5287E52A5D55A90091F3C4;
			productRefGroup = 5C5287EF2A5D55A90091F3C4 /* Products */;
			projectDirPath = "";
			projectRoot = "";
			targets = (
				5C5287ED2A5D55A90091F3C4 /* commit-clone */,
			);
		};
/* End PBXProject section */

/* Begin PBXResourcesBuildPhase section */
		5C5287EC2A5D55A90091F3C4 /* Resources */ = {
			isa = PBXResourcesBuildPhase;
			buildActionMask = 2147483647;
			files = (
				5C52883C2A5DC6BD0091F3C4 /* CalSans-SemiBold.otf in Resources */,
				5C5287FE2A5D55AA0091F3C4 /* LaunchScreen.storyboard in Resources */,
				5C5287FB2A5D55AA0091F3C4 /* Assets.xcassets in Resources */,
			);
			runOnlyForDeploymentPostprocessing = 0;
		};
/* End PBXResourcesBuildPhase section */

/* Begin PBXSourcesBuildPhase section */
		5C5287EA2A5D55A90091F3C4 /* Sources */ = {
			isa = PBXSourcesBuildPhase;
			buildActionMask = 2147483647;
			files = (
				5C3B5C322A61497900D4086C /* GenericVC.swift in Sources */,
				5C5288332A5D93A20091F3C4 /* AllDaysView.swift in Sources */,
				5C52881E2A5D6DBC0091F3C4 /* Coordinator.swift in Sources */,
				5C5288282A5D73A40091F3C4 /* TodayVC.swift in Sources */,
				5C52881C2A5D6D8B0091F3C4 /* MainCoordinator.swift in Sources */,
				5C5288392A5DC46B0091F3C4 /* Constraints.swift in Sources */,
				5C5287F22A5D55A90091F3C4 /* AppDelegate.swift in Sources */,
				5C5288402A5E93460091F3C4 /* GridCVCell.swift in Sources */,
				5C5288242A5D72C40091F3C4 /* TabBarVC.swift in Sources */,
				5C5287F42A5D55A90091F3C4 /* SceneDelegate.swift in Sources */,
				5C52883E2A5E8A840091F3C4 /* Extensions.swift in Sources */,
				5C5288262A5D73990091F3C4 /* AllDaysVC.swift in Sources */,
				5C5288352A5D93AE0091F3C4 /* TodayView.swift in Sources */,
				5C52882A2A5D73AC0091F3C4 /* SettingsVC.swift in Sources */,
				5C5288372A5D93B60091F3C4 /* SettingsView.swift in Sources */,
				5C5288422A5EC0080091F3C4 /* SwiftUIView.swift in Sources */,
			);
			runOnlyForDeploymentPostprocessing = 0;
		};
/* End PBXSourcesBuildPhase section */

/* Begin PBXVariantGroup section */
		5C5287FC2A5D55AA0091F3C4 /* LaunchScreen.storyboard */ = {
			isa = PBXVariantGroup;
			children = (
				5C5287FD2A5D55AA0091F3C4 /* Base */,
			);
			name = LaunchScreen.storyboard;
			sourceTree = "<group>";
		};
/* End PBXVariantGroup section */

/* Begin XCBuildConfiguration section */
		5C5288002A5D55AA0091F3C4 /* Debug */ = {
			isa = XCBuildConfiguration;
			buildSettings = {
				ALWAYS_SEARCH_USER_PATHS = NO;
				CLANG_ANALYZER_NONNULL = YES;
				CLANG_ANALYZER_NUMBER_OBJECT_CONVERSION = YES_AGGRESSIVE;
				CLANG_CXX_LANGUAGE_STANDARD = "gnu++20";
				CLANG_ENABLE_MODULES = YES;
				CLANG_ENABLE_OBJC_ARC = YES;
				CLANG_ENABLE_OBJC_WEAK = YES;
				CLANG_WARN_BLOCK_CAPTURE_AUTORELEASING = YES;
				CLANG_WARN_BOOL_CONVERSION = YES;
				CLANG_WARN_COMMA = YES;
				CLANG_WARN_CONSTANT_CONVERSION = YES;
				CLANG_WARN_DEPRECATED_OBJC_IMPLEMENTATIONS = YES;
				CLANG_WARN_DIRECT_OBJC_ISA_USAGE = YES_ERROR;
				CLANG_WARN_DOCUMENTATION_COMMENTS = YES;
				CLANG_WARN_EMPTY_BODY = YES;
				CLANG_WARN_ENUM_CONVERSION = YES;
				CLANG_WARN_INFINITE_RECURSION = YES;
				CLANG_WARN_INT_CONVERSION = YES;
				CLANG_WARN_NON_LITERAL_NULL_CONVERSION = YES;
				CLANG_WARN_OBJC_IMPLICIT_RETAIN_SELF = YES;
				CLANG_WARN_OBJC_LITERAL_CONVERSION = YES;
				CLANG_WARN_OBJC_ROOT_CLASS = YES_ERROR;
				CLANG_WARN_QUOTED_INCLUDE_IN_FRAMEWORK_HEADER = YES;
				CLANG_WARN_RANGE_LOOP_ANALYSIS = YES;
				CLANG_WARN_STRICT_PROTOTYPES = YES;
				CLANG_WARN_SUSPICIOUS_MOVE = YES;
				CLANG_WARN_UNGUARDED_AVAILABILITY = YES_AGGRESSIVE;
				CLANG_WARN_UNREACHABLE_CODE = YES;
				CLANG_WARN__DUPLICATE_METHOD_MATCH = YES;
				COPY_PHASE_STRIP = NO;
				DEBUG_INFORMATION_FORMAT = dwarf;
				ENABLE_STRICT_OBJC_MSGSEND = YES;
				ENABLE_TESTABILITY = YES;
				GCC_C_LANGUAGE_STANDARD = gnu11;
				GCC_DYNAMIC_NO_PIC = NO;
				GCC_NO_COMMON_BLOCKS = YES;
				GCC_OPTIMIZATION_LEVEL = 0;
				GCC_PREPROCESSOR_DEFINITIONS = (
					"DEBUG=1",
					"$(inherited)",
				);
				GCC_WARN_64_TO_32_BIT_CONVERSION = YES;
				GCC_WARN_ABOUT_RETURN_TYPE = YES_ERROR;
				GCC_WARN_UNDECLARED_SELECTOR = YES;
				GCC_WARN_UNINITIALIZED_AUTOS = YES_AGGRESSIVE;
				GCC_WARN_UNUSED_FUNCTION = YES;
				GCC_WARN_UNUSED_VARIABLE = YES;
				IPHONEOS_DEPLOYMENT_TARGET = 16.2;
				MTL_ENABLE_DEBUG_INFO = INCLUDE_SOURCE;
				MTL_FAST_MATH = YES;
				ONLY_ACTIVE_ARCH = YES;
				SDKROOT = iphoneos;
				SWIFT_ACTIVE_COMPILATION_CONDITIONS = DEBUG;
				SWIFT_OPTIMIZATION_LEVEL = "-Onone";
			};
			name = Debug;
		};
		5C5288012A5D55AA0091F3C4 /* Release */ = {
			isa = XCBuildConfiguration;
			buildSettings = {
				ALWAYS_SEARCH_USER_PATHS = NO;
				CLANG_ANALYZER_NONNULL = YES;
				CLANG_ANALYZER_NUMBER_OBJECT_CONVERSION = YES_AGGRESSIVE;
				CLANG_CXX_LANGUAGE_STANDARD = "gnu++20";
				CLANG_ENABLE_MODULES = YES;
				CLANG_ENABLE_OBJC_ARC = YES;
				CLANG_ENABLE_OBJC_WEAK = YES;
				CLANG_WARN_BLOCK_CAPTURE_AUTORELEASING = YES;
				CLANG_WARN_BOOL_CONVERSION = YES;
				CLANG_WARN_COMMA = YES;
				CLANG_WARN_CONSTANT_CONVERSION = YES;
				CLANG_WARN_DEPRECATED_OBJC_IMPLEMENTATIONS = YES;
				CLANG_WARN_DIRECT_OBJC_ISA_USAGE = YES_ERROR;
				CLANG_WARN_DOCUMENTATION_COMMENTS = YES;
				CLANG_WARN_EMPTY_BODY = YES;
				CLANG_WARN_ENUM_CONVERSION = YES;
				CLANG_WARN_INFINITE_RECURSION = YES;
				CLANG_WARN_INT_CONVERSION = YES;
				CLANG_WARN_NON_LITERAL_NULL_CONVERSION = YES;
				CLANG_WARN_OBJC_IMPLICIT_RETAIN_SELF = YES;
				CLANG_WARN_OBJC_LITERAL_CONVERSION = YES;
				CLANG_WARN_OBJC_ROOT_CLASS = YES_ERROR;
				CLANG_WARN_QUOTED_INCLUDE_IN_FRAMEWORK_HEADER = YES;
				CLANG_WARN_RANGE_LOOP_ANALYSIS = YES;
				CLANG_WARN_STRICT_PROTOTYPES = YES;
				CLANG_WARN_SUSPICIOUS_MOVE = YES;
				CLANG_WARN_UNGUARDED_AVAILABILITY = YES_AGGRESSIVE;
				CLANG_WARN_UNREACHABLE_CODE = YES;
				CLANG_WARN__DUPLICATE_METHOD_MATCH = YES;
				COPY_PHASE_STRIP = NO;
				DEBUG_INFORMATION_FORMAT = "dwarf-with-dsym";
				ENABLE_NS_ASSERTIONS = NO;
				ENABLE_STRICT_OBJC_MSGSEND = YES;
				GCC_C_LANGUAGE_STANDARD = gnu11;
				GCC_NO_COMMON_BLOCKS = YES;
				GCC_WARN_64_TO_32_BIT_CONVERSION = YES;
				GCC_WARN_ABOUT_RETURN_TYPE = YES_ERROR;
				GCC_WARN_UNDECLARED_SELECTOR = YES;
				GCC_WARN_UNINITIALIZED_AUTOS = YES_AGGRESSIVE;
				GCC_WARN_UNUSED_FUNCTION = YES;
				GCC_WARN_UNUSED_VARIABLE = YES;
				IPHONEOS_DEPLOYMENT_TARGET = 16.2;
				MTL_ENABLE_DEBUG_INFO = NO;
				MTL_FAST_MATH = YES;
				SDKROOT = iphoneos;
				SWIFT_COMPILATION_MODE = wholemodule;
				SWIFT_OPTIMIZATION_LEVEL = "-O";
				VALIDATE_PRODUCT = YES;
			};
			name = Release;
		};
		5C5288032A5D55AA0091F3C4 /* Debug */ = {
			isa = XCBuildConfiguration;
			buildSettings = {
				ASSETCATALOG_COMPILER_APPICON_NAME = AppIcon;
				ASSETCATALOG_COMPILER_GLOBAL_ACCENT_COLOR_NAME = AccentColor;
				CODE_SIGN_STYLE = Automatic;
				CURRENT_PROJECT_VERSION = 1;
				DEVELOPMENT_TEAM = AA27Q22GWM;
				GENERATE_INFOPLIST_FILE = YES;
				INFOPLIST_FILE = "commit-clone/Info.plist";
				INFOPLIST_KEY_UIApplicationSupportsIndirectInputEvents = YES;
				INFOPLIST_KEY_UILaunchStoryboardName = LaunchScreen;
				INFOPLIST_KEY_UISupportedInterfaceOrientations = UIInterfaceOrientationPortrait;
				INFOPLIST_KEY_UISupportedInterfaceOrientations_iPad = "UIInterfaceOrientationLandscapeLeft UIInterfaceOrientationLandscapeRight UIInterfaceOrientationPortrait UIInterfaceOrientationPortraitUpsideDown";
				IPHONEOS_DEPLOYMENT_TARGET = 15.0;
				LD_RUNPATH_SEARCH_PATHS = (
					"$(inherited)",
					"@executable_path/Frameworks",
				);
				MARKETING_VERSION = 1.0;
				PRODUCT_BUNDLE_IDENTIFIER = "com.nouraleee.commit-clone";
				PRODUCT_NAME = "$(TARGET_NAME)";
				SWIFT_EMIT_LOC_STRINGS = YES;
				SWIFT_VERSION = 5.0;
				TARGETED_DEVICE_FAMILY = "1,2";
			};
			name = Debug;
		};
		5C5288042A5D55AA0091F3C4 /* Release */ = {
			isa = XCBuildConfiguration;
			buildSettings = {
				ASSETCATALOG_COMPILER_APPICON_NAME = AppIcon;
				ASSETCATALOG_COMPILER_GLOBAL_ACCENT_COLOR_NAME = AccentColor;
				CODE_SIGN_STYLE = Automatic;
				CURRENT_PROJECT_VERSION = 1;
				DEVELOPMENT_TEAM = AA27Q22GWM;
				GENERATE_INFOPLIST_FILE = YES;
				INFOPLIST_FILE = "commit-clone/Info.plist";
				INFOPLIST_KEY_UIApplicationSupportsIndirectInputEvents = YES;
				INFOPLIST_KEY_UILaunchStoryboardName = LaunchScreen;
				INFOPLIST_KEY_UISupportedInterfaceOrientations = UIInterfaceOrientationPortrait;
				INFOPLIST_KEY_UISupportedInterfaceOrientations_iPad = "UIInterfaceOrientationLandscapeLeft UIInterfaceOrientationLandscapeRight UIInterfaceOrientationPortrait UIInterfaceOrientationPortraitUpsideDown";
				IPHONEOS_DEPLOYMENT_TARGET = 15.0;
				LD_RUNPATH_SEARCH_PATHS = (
					"$(inherited)",
					"@executable_path/Frameworks",
				);
				MARKETING_VERSION = 1.0;
				PRODUCT_BUNDLE_IDENTIFIER = "com.nouraleee.commit-clone";
				PRODUCT_NAME = "$(TARGET_NAME)";
				SWIFT_EMIT_LOC_STRINGS = YES;
				SWIFT_VERSION = 5.0;
				TARGETED_DEVICE_FAMILY = "1,2";
			};
			name = Release;
		};
/* End XCBuildConfiguration section */

/* Begin XCConfigurationList section */
		5C5287E92A5D55A90091F3C4 /* Build configuration list for PBXProject "commit-clone" */ = {
			isa = XCConfigurationList;
			buildConfigurations = (
				5C5288002A5D55AA0091F3C4 /* Debug */,
				5C5288012A5D55AA0091F3C4 /* Release */,
			);
			defaultConfigurationIsVisible = 0;
			defaultConfigurationName = Release;
		};
		5C5288022A5D55AA0091F3C4 /* Build configuration list for PBXNativeTarget "commit-clone" */ = {
			isa = XCConfigurationList;
			buildConfigurations = (
				5C5288032A5D55AA0091F3C4 /* Debug */,
				5C5288042A5D55AA0091F3C4 /* Release */,
			);
			defaultConfigurationIsVisible = 0;
			defaultConfigurationName = Release;
		};
/* End XCConfigurationList section */
	};
	rootObject = 5C5287E62A5D55A90091F3C4 /* Project object */;
}
